
Microsoft Visual Studio Solution File, Format Version 12.00
# Visual Studio 15
VisualStudioVersion = 15.0.27703.2035
MinimumVisualStudioVersion = 10.0.40219.1
Project("{FAE04EC0-301F-11D3-BF4B-00C04F79EFBC}") = "FamilyWood", "FamilyWood\FamilyWood.csproj", "{7F6E4DBD-0354-4EB9-AFBD-33B2C7885B72}"
EndProject
Global
	GlobalSection(SolutionConfigurationPlatforms) = preSolution
		Debug|Any CPU = Debug|Any CPU
		Release|Any CPU = Release|Any CPU
	EndGlobalSection
	GlobalSection(ProjectConfigurationPlatforms) = postSolution
		{7F6E4DBD-0354-4EB9-AFBD-33B2C7885B72}.Debug|Any CPU.ActiveCfg = Debug|Any CPU
		{7F6E4DBD-0354-4EB9-AFBD-33B2C7885B72}.Debug|Any CPU.Build.0 = Debug|Any CPU
		{7F6E4DBD-0354-4EB9-AFBD-33B2C7885B72}.Release|Any CPU.ActiveCfg = Release|Any CPU
		{7F6E4DBD-0354-4EB9-AFBD-33B2C7885B72}.Release|Any CPU.Build.0 = Release|Any CPU
	EndGlobalSection
	GlobalSection(SolutionProperties) = preSolution
		HideSolutionNode = FALSE
	EndGlobalSection
	GlobalSection(ExtensibilityGlobals) = postSolution
		SolutionGuid = {FCB33C6C-4D3A-4275-AEB8-C7590C0F1B1F}
	EndGlobalSection
EndGlobal
